// !$*UTF8*$!
{
	archiveVersion = 1;
	classes = {
	};
	objectVersion = 46;
	objects = {

/* Begin PBXBuildFile section */
		3695D42B1C2C6FAE00EC5B9B /* rootfool.kext in Resources */ = {isa = PBXBuildFile; fileRef = 7B24C0491BC571B300582D35 /* rootfool.kext */; };
		7B24C04F1BC571B300582D35 /* rootfool.c in Sources */ = {isa = PBXBuildFile; fileRef = 7B24C04E1BC571B300582D35 /* rootfool.c */; };
		7B24C0B01BC5749200582D35 /* kernel_symbols.c in Sources */ = {isa = PBXBuildFile; fileRef = 7B24C0971BC5749200582D35 /* kernel_symbols.c */; };
		7B24C0B11BC5749200582D35 /* kernel_symbols.h in Headers */ = {isa = PBXBuildFile; fileRef = 7B24C0981BC5749200582D35 /* kernel_symbols.h */; };
		7B24C0B21BC5749200582D35 /* logging.h in Headers */ = {isa = PBXBuildFile; fileRef = 7B24C0991BC5749200582D35 /* logging.h */; };
		7B24C0C01BC5F33900582D35 /* kernel_control.c in Sources */ = {isa = PBXBuildFile; fileRef = 7B24C0BE1BC5F33900582D35 /* kernel_control.c */; };
		7B24C0C11BC5F33900582D35 /* kernel_control.h in Headers */ = {isa = PBXBuildFile; fileRef = 7B24C0BF1BC5F33900582D35 /* kernel_control.h */; };
		7B24C0C31BC5F37700582D35 /* shared_data.h in Headers */ = {isa = PBXBuildFile; fileRef = 7B24C0C21BC5F37700582D35 /* shared_data.h */; };
/* End PBXBuildFile section */

/* Begin PBXBuildRule section */
		3882BBB81C4D704F0062EB29 /* PBXBuildRule */ = {
			isa = PBXBuildRule;
			compilerSpec = com.apple.compilers.proxy.script;
			fileType = wrapper.scnassets;
			isEditable = 1;
			outputFiles = (
			);
			script = "# copySceneKitAssets\n";
		};
		3882BBB91C4D70530062EB29 /* PBXBuildRule */ = {
			isa = PBXBuildRule;
			compilerSpec = com.apple.compilers.proxy.script;
			fileType = text.plist;
			isEditable = 1;
			outputFiles = (
			);
			script = "# builtin-copyPlist\n";
		};
		3882BBBA1C4D70560062EB29 /* PBXBuildRule */ = {
			isa = PBXBuildRule;
			compilerSpec = com.apple.compilers.proxy.script;
			fileType = sourcecode.metal;
			isEditable = 1;
			outputFiles = (
			);
			script = "# <com.apple.compilers.metal.osx>\n";
		};
		3882BBBB1C4D70720062EB29 /* PBXBuildRule */ = {
			isa = PBXBuildRule;
			compilerSpec = com.apple.compilers.proxy.script;
			fileType = sourcecode.dtrace;
			isEditable = 1;
			outputFiles = (
			);
			script = "/usr/sbin/dtrace\n";
		};
		3882BBBC1C4D709B0062EB29 /* PBXBuildRule */ = {
			isa = PBXBuildRule;
			compilerSpec = com.apple.compilers.proxy.script;
			fileType = file.xib;
			isEditable = 1;
			outputFiles = (
			);
			script = "# ibtool\n";
		};
/* End PBXBuildRule section */

/* Begin PBXFileReference section */
		7B24C0491BC571B300582D35 /* rootfool.kext */ = {isa = PBXFileReference; explicitFileType = wrapper.cfbundle; includeInIndex = 0; path = rootfool.kext; sourceTree = BUILT_PRODUCTS_DIR; };
		7B24C04D1BC571B300582D35 /* Info.plist */ = {isa = PBXFileReference; lastKnownFileType = text.plist.xml; path = Info.plist; sourceTree = "<group>"; };
		7B24C04E1BC571B300582D35 /* rootfool.c */ = {isa = PBXFileReference; lastKnownFileType = sourcecode.c.c; path = rootfool.c; sourceTree = "<group>"; };
		7B24C0971BC5749200582D35 /* kernel_symbols.c */ = {isa = PBXFileReference; fileEncoding = 4; lastKnownFileType = sourcecode.c.c; path = kernel_symbols.c; sourceTree = "<group>"; };
		7B24C0981BC5749200582D35 /* kernel_symbols.h */ = {isa = PBXFileReference; fileEncoding = 4; lastKnownFileType = sourcecode.c.h; path = kernel_symbols.h; sourceTree = "<group>"; };
		7B24C0991BC5749200582D35 /* logging.h */ = {isa = PBXFileReference; fileEncoding = 4; lastKnownFileType = sourcecode.c.h; path = logging.h; sourceTree = "<group>"; };
		7B24C0BE1BC5F33900582D35 /* kernel_control.c */ = {isa = PBXFileReference; fileEncoding = 4; lastKnownFileType = sourcecode.c.c; path = kernel_control.c; sourceTree = "<group>"; };
		7B24C0BF1BC5F33900582D35 /* kernel_control.h */ = {isa = PBXFileReference; fileEncoding = 4; lastKnownFileType = sourcecode.c.h; path = kernel_control.h; sourceTree = "<group>"; };
		7B24C0C21BC5F37700582D35 /* shared_data.h */ = {isa = PBXFileReference; fileEncoding = 4; lastKnownFileType = sourcecode.c.h; name = shared_data.h; path = "../../rootfool gui/rootfool gui/shared_data.h"; sourceTree = "<group>"; };
/* End PBXFileReference section */

/* Begin PBXFrameworksBuildPhase section */
		7B24C0451BC571B300582D35 /* Frameworks */ = {
			isa = PBXFrameworksBuildPhase;
			buildActionMask = 2147483647;
			files = (
			);
			runOnlyForDeploymentPostprocessing = 0;
		};
/* End PBXFrameworksBuildPhase section */

/* Begin PBXGroup section */
		7B24C03F1BC571B300582D35 = {
			isa = PBXGroup;
			children = (
				7B24C04B1BC571B300582D35 /* rootfool */,
				7B24C04A1BC571B300582D35 /* Products */,
			);
			sourceTree = "<group>";
		};
		7B24C04A1BC571B300582D35 /* Products */ = {
			isa = PBXGroup;
			children = (
				7B24C0491BC571B300582D35 /* rootfool.kext */,
			);
			name = Products;
			sourceTree = "<group>";
		};
		7B24C04B1BC571B300582D35 /* rootfool */ = {
			isa = PBXGroup;
			children = (
				7B24C04E1BC571B300582D35 /* rootfool.c */,
				7B24C0991BC5749200582D35 /* logging.h */,
				7B24C0971BC5749200582D35 /* kernel_symbols.c */,
				7B24C0981BC5749200582D35 /* kernel_symbols.h */,
				7B24C0BE1BC5F33900582D35 /* kernel_control.c */,
				7B24C0BF1BC5F33900582D35 /* kernel_control.h */,
				7B24C0C21BC5F37700582D35 /* shared_data.h */,
				7B24C04C1BC571B300582D35 /* Supporting Files */,
			);
			path = rootfool;
			sourceTree = "<group>";
		};
		7B24C04C1BC571B300582D35 /* Supporting Files */ = {
			isa = PBXGroup;
			children = (
				7B24C04D1BC571B300582D35 /* Info.plist */,
			);
			name = "Supporting Files";
			sourceTree = "<group>";
		};
/* End PBXGroup section */

/* Begin PBXHeadersBuildPhase section */
		7B24C0461BC571B300582D35 /* Headers */ = {
			isa = PBXHeadersBuildPhase;
			buildActionMask = 2147483647;
			files = (
				7B24C0C11BC5F33900582D35 /* kernel_control.h in Headers */,
				7B24C0C31BC5F37700582D35 /* shared_data.h in Headers */,
				7B24C0B11BC5749200582D35 /* kernel_symbols.h in Headers */,
				7B24C0B21BC5749200582D35 /* logging.h in Headers */,
			);
			runOnlyForDeploymentPostprocessing = 0;
		};
/* End PBXHeadersBuildPhase section */

/* Begin PBXNativeTarget section */
		7B24C0481BC571B300582D35 /* rootfool */ = {
			isa = PBXNativeTarget;
			buildConfigurationList = 7B24C0521BC571B300582D35 /* Build configuration list for PBXNativeTarget "rootfool" */;
			buildPhases = (
				7B24C0441BC571B300582D35 /* Sources */,
				7B24C0451BC571B300582D35 /* Frameworks */,
				7B24C0461BC571B300582D35 /* Headers */,
				7B24C0471BC571B300582D35 /* Resources */,
			);
			buildRules = (
				3882BBBC1C4D709B0062EB29 /* PBXBuildRule */,
				3882BBBB1C4D70720062EB29 /* PBXBuildRule */,
				3882BBBA1C4D70560062EB29 /* PBXBuildRule */,
				3882BBB91C4D70530062EB29 /* PBXBuildRule */,
				3882BBB81C4D704F0062EB29 /* PBXBuildRule */,
			);
			dependencies = (
			);
			name = rootfool;
			productName = rootfool;
			productReference = 7B24C0491BC571B300582D35 /* rootfool.kext */;
			productType = "com.apple.product-type.kernel-extension";
		};
/* End PBXNativeTarget section */

/* Begin PBXProject section */
		7B24C0401BC571B300582D35 /* Project object */ = {
			isa = PBXProject;
			attributes = {
				LastUpgradeCheck = 0720;
				ORGANIZATIONNAME = Studiogit;
				TargetAttributes = {
					7B24C0481BC571B300582D35 = {
						CreatedOnToolsVersion = 6.2;
						DevelopmentTeam = 52SPX74RY4;
					};
				};
			};
			buildConfigurationList = 7B24C0431BC571B300582D35 /* Build configuration list for PBXProject "rootfool" */;
			compatibilityVersion = "Xcode 3.2";
			developmentRegion = English;
			hasScannedForEncodings = 0;
			knownRegions = (
				en,
			);
			mainGroup = 7B24C03F1BC571B300582D35;
			productRefGroup = 7B24C04A1BC571B300582D35 /* Products */;
			projectDirPath = "";
			projectRoot = "";
			targets = (
				7B24C0481BC571B300582D35 /* rootfool */,
			);
		};
/* End PBXProject section */

/* Begin PBXResourcesBuildPhase section */
		7B24C0471BC571B300582D35 /* Resources */ = {
			isa = PBXResourcesBuildPhase;
			buildActionMask = 2147483647;
			files = (
				3695D42B1C2C6FAE00EC5B9B /* rootfool.kext in Resources */,
			);
			runOnlyForDeploymentPostprocessing = 0;
		};
/* End PBXResourcesBuildPhase section */

/* Begin PBXSourcesBuildPhase section */
		7B24C0441BC571B300582D35 /* Sources */ = {
			isa = PBXSourcesBuildPhase;
			buildActionMask = 2147483647;
			files = (
				7B24C0B01BC5749200582D35 /* kernel_symbols.c in Sources */,
				7B24C0C01BC5F33900582D35 /* kernel_control.c in Sources */,
				7B24C04F1BC571B300582D35 /* rootfool.c in Sources */,
			);
			runOnlyForDeploymentPostprocessing = 0;
		};
/* End PBXSourcesBuildPhase section */

/* Begin XCBuildConfiguration section */
		7B24C0501BC571B300582D35 /* Debug */ = {
			isa = XCBuildConfiguration;
			buildSettings = {
				ALWAYS_SEARCH_USER_PATHS = NO;
				CLANG_CXX_LANGUAGE_STANDARD = "gnu++0x";
				CLANG_CXX_LIBRARY = "libc++";
				CLANG_ENABLE_MODULES = YES;
				CLANG_ENABLE_OBJC_ARC = YES;
				CLANG_WARN_BOOL_CONVERSION = YES;
				CLANG_WARN_CONSTANT_CONVERSION = YES;
				CLANG_WARN_DIRECT_OBJC_ISA_USAGE = YES_ERROR;
				CLANG_WARN_EMPTY_BODY = YES;
				CLANG_WARN_ENUM_CONVERSION = YES;
				CLANG_WARN_INT_CONVERSION = YES;
				CLANG_WARN_OBJC_ROOT_CLASS = YES_ERROR;
				CLANG_WARN_UNREACHABLE_CODE = YES;
				CLANG_WARN__DUPLICATE_METHOD_MATCH = YES;
				COPY_PHASE_STRIP = NO;
				ENABLE_STRICT_OBJC_MSGSEND = YES;
				ENABLE_TESTABILITY = YES;
				GCC_C_LANGUAGE_STANDARD = gnu99;
				GCC_DYNAMIC_NO_PIC = NO;
				GCC_OPTIMIZATION_LEVEL = 0;
				GCC_PREPROCESSOR_DEFINITIONS = (
					"DEBUG=1",
					"$(inherited)",
				);
				GCC_SYMBOLS_PRIVATE_EXTERN = NO;
				GCC_WARN_64_TO_32_BIT_CONVERSION = YES;
				GCC_WARN_ABOUT_RETURN_TYPE = YES_ERROR;
				GCC_WARN_UNDECLARED_SELECTOR = YES;
				GCC_WARN_UNINITIALIZED_AUTOS = YES_AGGRESSIVE;
				GCC_WARN_UNUSED_FUNCTION = YES;
				GCC_WARN_UNUSED_VARIABLE = YES;
				MACOSX_DEPLOYMENT_TARGET = 10.11;
				MTL_ENABLE_DEBUG_INFO = YES;
				ONLY_ACTIVE_ARCH = YES;
				SDKROOT = macosx;
			};
			name = Debug;
		};
		7B24C0511BC571B300582D35 /* Release */ = {
			isa = XCBuildConfiguration;
			buildSettings = {
				ALWAYS_SEARCH_USER_PATHS = NO;
				CLANG_CXX_LANGUAGE_STANDARD = "gnu++0x";
				CLANG_CXX_LIBRARY = "libc++";
				CLANG_ENABLE_MODULES = YES;
				CLANG_ENABLE_OBJC_ARC = YES;
				CLANG_WARN_BOOL_CONVERSION = YES;
				CLANG_WARN_CONSTANT_CONVERSION = YES;
				CLANG_WARN_DIRECT_OBJC_ISA_USAGE = YES_ERROR;
				CLANG_WARN_EMPTY_BODY = YES;
				CLANG_WARN_ENUM_CONVERSION = YES;
				CLANG_WARN_INT_CONVERSION = YES;
				CLANG_WARN_OBJC_ROOT_CLASS = YES_ERROR;
				CLANG_WARN_UNREACHABLE_CODE = YES;
				CLANG_WARN__DUPLICATE_METHOD_MATCH = YES;
				COPY_PHASE_STRIP = NO;
				DEBUG_INFORMATION_FORMAT = "dwarf-with-dsym";
				ENABLE_NS_ASSERTIONS = NO;
				ENABLE_STRICT_OBJC_MSGSEND = YES;
				GCC_C_LANGUAGE_STANDARD = gnu99;
				GCC_WARN_64_TO_32_BIT_CONVERSION = YES;
				GCC_WARN_ABOUT_RETURN_TYPE = YES_ERROR;
				GCC_WARN_UNDECLARED_SELECTOR = YES;
				GCC_WARN_UNINITIALIZED_AUTOS = YES_AGGRESSIVE;
				GCC_WARN_UNUSED_FUNCTION = YES;
				GCC_WARN_UNUSED_VARIABLE = YES;
				MACOSX_DEPLOYMENT_TARGET = 10.11;
				MTL_ENABLE_DEBUG_INFO = NO;
				SDKROOT = macosx;
			};
			name = Release;
		};
		7B24C0531BC571B300582D35 /* Debug */ = {
			isa = XCBuildConfiguration;
			buildSettings = {
				CLANG_USE_OPTIMIZATION_PROFILE = YES;
				CODE_SIGN_IDENTITY = "Mac Developer";
				"CODE_SIGN_IDENTITY[sdk=macosx*]" = "Mac Developer";
				COMBINE_HIDPI_IMAGES = YES;
				COPY_HEADERS_RUN_UNIFDEF = YES;
				CREATE_INFOPLIST_SECTION_IN_BINARY = YES;
				DEPLOYMENT_POSTPROCESSING = YES;
				EMBED_ASSET_PACKS_IN_PRODUCT_BUNDLE = YES;
				GCC_ENABLE_BUILTIN_FUNCTIONS = YES;
				GCC_ENABLE_CPP_EXCEPTIONS = YES;
				GCC_ENABLE_CPP_RTTI = YES;
				GCC_PRECOMPILE_PREFIX_HEADER = YES;
				GENERATE_PKGINFO_FILE = YES;
				GENERATE_PROFILING_CODE = YES;
				INFOPLIST_FILE = rootfool/Info.plist;
				INFOPLIST_PREPROCESS = YES;
				LD_NO_PIE = YES;
				MODULE_NAME = studiogit.rootfool;
				MODULE_START = rootfool_start;
				MODULE_STOP = rootfool_stop;
				MODULE_VERSION = 1.0.0d1;
				PRODUCT_BUNDLE_IDENTIFIER = "com.sentinelone.$(PRODUCT_NAME:rfc1034identifier)";
				PRODUCT_NAME = "$(TARGET_NAME)";
				PROVISIONING_PROFILE = "";
				SCAN_ALL_SOURCE_FILES_FOR_INCLUDES = YES;
				VALIDATE_PRODUCT = YES;
				VERSIONING_SYSTEM = "apple-generic";
				WRAPPER_EXTENSION = kext;
			};
			name = Debug;
		};
		7B24C0541BC571B300582D35 /* Release */ = {
			isa = XCBuildConfiguration;
			buildSettings = {
				CLANG_USE_OPTIMIZATION_PROFILE = YES;
				CODE_SIGN_IDENTITY = "Mac Developer";
				"CODE_SIGN_IDENTITY[sdk=macosx*]" = "Mac Developer";
				COMBINE_HIDPI_IMAGES = YES;
				COPY_HEADERS_RUN_UNIFDEF = YES;
				CREATE_INFOPLIST_SECTION_IN_BINARY = YES;
				DEPLOYMENT_POSTPROCESSING = YES;
				EMBED_ASSET_PACKS_IN_PRODUCT_BUNDLE = YES;
				GCC_ENABLE_BUILTIN_FUNCTIONS = YES;
				GCC_ENABLE_CPP_EXCEPTIONS = YES;
				GCC_ENABLE_CPP_RTTI = YES;
				GCC_PRECOMPILE_PREFIX_HEADER = YES;
				GENERATE_PKGINFO_FILE = YES;
				GENERATE_PROFILING_CODE = YES;
				INFOPLIST_FILE = rootfool/Info.plist;
				INFOPLIST_PREPROCESS = YES;
				LD_NO_PIE = YES;
				MODULE_NAME = studiogit.rootfool;
				MODULE_START = rootfool_start;
				MODULE_STOP = rootfool_stop;
				MODULE_VERSION = 1.0.0d1;
				PRODUCT_BUNDLE_IDENTIFIER = "com.sentinelone.$(PRODUCT_NAME:rfc1034identifier)";
				PRODUCT_NAME = "$(TARGET_NAME)";
				PROVISIONING_PROFILE = "";
				SCAN_ALL_SOURCE_FILES_FOR_INCLUDES = YES;
				VALIDATE_PRODUCT = YES;
				VERSIONING_SYSTEM = "apple-generic";
				WRAPPER_EXTENSION = kext;
			};
			name = Release;
		};
/* End XCBuildConfiguration section */

/* Begin XCConfigurationList section */
		7B24C0431BC571B300582D35 /* Build configuration list for PBXProject "rootfool" */ = {
			isa = XCConfigurationList;
			buildConfigurations = (
				7B24C0501BC571B300582D35 /* Debug */,
				7B24C0511BC571B300582D35 /* Release */,
			);
			defaultConfigurationIsVisible = 0;
			defaultConfigurationName = Release;
		};
		7B24C0521BC571B300582D35 /* Build configuration list for PBXNativeTarget "rootfool" */ = {
			isa = XCConfigurationList;
			buildConfigurations = (
				7B24C0531BC571B300582D35 /* Debug */,
				7B24C0541BC571B300582D35 /* Release */,
			);
			defaultConfigurationIsVisible = 0;
			defaultConfigurationName = Release;
		};
/* End XCConfigurationList section */
	};
	rootObject = 7B24C0401BC571B300582D35 /* Project object */;
}
